
Microsoft Visual Studio Solution File, Format Version 12.00
# Visual Studio Version 17
VisualStudioVersion = 17.7.34202.233
MinimumVisualStudioVersion = 10.0.40219.1
Project("{FAE04EC0-301F-11D3-BF4B-00C04F79EFBC}") = "Lab4ShoppingCart", "Lab4ShoppingCart\Lab4ShoppingCart.csproj", "{1D5C83BB-46E3-40F2-AB2B-026BD3D5213A}"
EndProject
Global
	GlobalSection(SolutionConfigurationPlatforms) = preSolution
		Debug|Any CPU = Debug|Any CPU
		Release|Any CPU = Release|Any CPU
	EndGlobalSection
	GlobalSection(ProjectConfigurationPlatforms) = postSolution
		{1D5C83BB-46E3-40F2-AB2B-026BD3D5213A}.Debug|Any CPU.ActiveCfg = Debug|Any CPU
		{1D5C83BB-46E3-40F2-AB2B-026BD3D5213A}.Debug|Any CPU.Build.0 = Debug|Any CPU
		{1D5C83BB-46E3-40F2-AB2B-026BD3D5213A}.Release|Any CPU.ActiveCfg = Release|Any CPU
		{1D5C83BB-46E3-40F2-AB2B-026BD3D5213A}.Release|Any CPU.Build.0 = Release|Any CPU
	EndGlobalSection
	GlobalSection(SolutionProperties) = preSolution
		HideSolutionNode = FALSE
	EndGlobalSection
	GlobalSection(ExtensibilityGlobals) = postSolution
		SolutionGuid = {A786E8D5-F683-405C-BB89-D98427F09320}
	EndGlobalSection
EndGlobal
